
Microsoft Visual Studio Solution File, Format Version 12.00
# Visual Studio 14
VisualStudioVersion = 14.0.23107.0
MinimumVisualStudioVersion = 10.0.40219.1
Project("{FAE04EC0-301F-11D3-BF4B-00C04F79EFBC}") = "GameLoader", "GameLoader\GameLoader.csproj", "{7B8C0400-F3C3-4270-9E4D-5929085AB7FA}"
EndProject
Global
	GlobalSection(SolutionConfigurationPlatforms) = preSolution
		Debug|Any CPU = Debug|Any CPU
		Release|Any CPU = Release|Any CPU
	EndGlobalSection
	GlobalSection(ProjectConfigurationPlatforms) = postSolution
		{7B8C0400-F3C3-4270-9E4D-5929085AB7FA}.Debug|Any CPU.ActiveCfg = Debug|Any CPU
		{7B8C0400-F3C3-4270-9E4D-5929085AB7FA}.Debug|Any CPU.Build.0 = Debug|Any CPU
		{7B8C0400-F3C3-4270-9E4D-5929085AB7FA}.Release|Any CPU.ActiveCfg = Release|Any CPU
		{7B8C0400-F3C3-4270-9E4D-5929085AB7FA}.Release|Any CPU.Build.0 = Release|Any CPU
	EndGlobalSection
	GlobalSection(SolutionProperties) = preSolution
		HideSolutionNode = FALSE
	EndGlobalSection
EndGlobal
